
Microsoft Visual Studio Solution File, Format Version 12.00
# Visual Studio Version 17
VisualStudioVersion = 17.7.34031.279
MinimumVisualStudioVersion = 10.0.40219.1
Project("{FAE04EC0-301F-11D3-BF4B-00C04F79EFBC}") = "SistemaBancario", "SistemaBancario.csproj", "{43386B6C-C9B2-4736-85F1-5372B8E77F60}"
EndProject
Global
	GlobalSection(SolutionConfigurationPlatforms) = preSolution
		Debug|Any CPU = Debug|Any CPU
		Release|Any CPU = Release|Any CPU
	EndGlobalSection
	GlobalSection(ProjectConfigurationPlatforms) = postSolution
		{43386B6C-C9B2-4736-85F1-5372B8E77F60}.Debug|Any CPU.ActiveCfg = Debug|Any CPU
		{43386B6C-C9B2-4736-85F1-5372B8E77F60}.Debug|Any CPU.Build.0 = Debug|Any CPU
		{43386B6C-C9B2-4736-85F1-5372B8E77F60}.Release|Any CPU.ActiveCfg = Release|Any CPU
		{43386B6C-C9B2-4736-85F1-5372B8E77F60}.Release|Any CPU.Build.0 = Release|Any CPU
	EndGlobalSection
	GlobalSection(SolutionProperties) = preSolution
		HideSolutionNode = FALSE
	EndGlobalSection
	GlobalSection(ExtensibilityGlobals) = postSolution
		SolutionGuid = {9B870230-DF59-4F05-B92D-D729168B5D8B}
	EndGlobalSection
EndGlobal
